
Microsoft Visual Studio Solution File, Format Version 12.00
# Visual Studio 14
VisualStudioVersion = 14.0.24720.0
MinimumVisualStudioVersion = 10.0.40219.1
Project("{FAE04EC0-301F-11D3-BF4B-00C04F79EFBC}") = "AppPromo.WP8", "AppPromo.WP8\AppPromo.WP8.csproj", "{6D48A778-9B03-49F4-B553-A5A9DF3E24AA}"
EndProject
Project("{FAE04EC0-301F-11D3-BF4B-00C04F79EFBC}") = "AppPromo.Win8", "AppPromo.Win8\AppPromo.Win8.csproj", "{85D32FA1-98FC-4922-9CCD-8E6BB3D5F315}"
EndProject
Project("{FAE04EC0-301F-11D3-BF4B-00C04F79EFBC}") = "Sample.WP8", "Sample.WP8\Sample.WP8.csproj", "{CDC74B0E-F044-4671-8CA7-D056F0C7CAF9}"
EndProject
Project("{2150E333-8FDC-42A3-9474-1A3956D46DE8}") = "Lib", "Lib", "{364BC135-ACF1-45A0-BBF8-D31F90606568}"
EndProject
Project("{2150E333-8FDC-42A3-9474-1A3956D46DE8}") = "Samples", "Samples", "{DB590A6F-23DB-4F92-8F19-8D7CB1B37B3F}"
EndProject
Project("{FAE04EC0-301F-11D3-BF4B-00C04F79EFBC}") = "SampleCS.Win8", "SampleCS.Win8\SampleCS.Win8.csproj", "{CDDE07C0-F828-4AFF-ABC5-07CFA6777329}"
EndProject
Project("{262852C6-CD72-467D-83FE-5EEB1973A190}") = "SampleJS.Win8", "SampleJS.Win8\SampleJS.Win8.jsproj", "{C1DDC941-5F0A-4A0E-A8D4-D3E262E547FE}"
EndProject
Project("{FAE04EC0-301F-11D3-BF4B-00C04F79EFBC}") = "AppPromo.UWP", "AppPromo.UWP\AppPromo.UWP.csproj", "{04A13B33-0083-47CA-A52F-5E61594F855E}"
EndProject
Project("{262852C6-CD72-467D-83FE-5EEB1973A190}") = "SampleJS.UWP", "SampleJS.UWP\SampleJS.UWP.jsproj", "{D5F09B6D-26F3-47AB-A54A-C685DC8FCBCF}"
EndProject
Project("{FAE04EC0-301F-11D3-BF4B-00C04F79EFBC}") = "SampleCS.UWP", "SampleCS.UWP\SampleCS.UWP.csproj", "{7985C294-0294-42B1-BB43-837287F07CB2}"
EndProject
Global
	GlobalSection(SolutionConfigurationPlatforms) = preSolution
		Debug|Any CPU = Debug|Any CPU
		Debug|ARM = Debug|ARM
		Debug|x64 = Debug|x64
		Debug|x86 = Debug|x86
		Release|Any CPU = Release|Any CPU
		Release|ARM = Release|ARM
		Release|x64 = Release|x64
		Release|x86 = Release|x86
		Windows Debug|Any CPU = Windows Debug|Any CPU
		Windows Debug|ARM = Windows Debug|ARM
		Windows Debug|x64 = Windows Debug|x64
		Windows Debug|x86 = Windows Debug|x86
		Windows Phone Debug|Any CPU = Windows Phone Debug|Any CPU
		Windows Phone Debug|ARM = Windows Phone Debug|ARM
		Windows Phone Debug|x64 = Windows Phone Debug|x64
		Windows Phone Debug|x86 = Windows Phone Debug|x86
		Windows Phone Release|Any CPU = Windows Phone Release|Any CPU
		Windows Phone Release|ARM = Windows Phone Release|ARM
		Windows Phone Release|x64 = Windows Phone Release|x64
		Windows Phone Release|x86 = Windows Phone Release|x86
		Windows Release|Any CPU = Windows Release|Any CPU
		Windows Release|ARM = Windows Release|ARM
		Windows Release|x64 = Windows Release|x64
		Windows Release|x86 = Windows Release|x86
	EndGlobalSection
	GlobalSection(ProjectConfigurationPlatforms) = postSolution
		{6D48A778-9B03-49F4-B553-A5A9DF3E24AA}.Debug|Any CPU.ActiveCfg = Debug|Any CPU
		{6D48A778-9B03-49F4-B553-A5A9DF3E24AA}.Debug|Any CPU.Build.0 = Debug|Any CPU
		{6D48A778-9B03-49F4-B553-A5A9DF3E24AA}.Debug|ARM.ActiveCfg = Debug|Any CPU
		{6D48A778-9B03-49F4-B553-A5A9DF3E24AA}.Debug|ARM.Build.0 = Debug|Any CPU
		{6D48A778-9B03-49F4-B553-A5A9DF3E24AA}.Debug|x64.ActiveCfg = Debug|Any CPU
		{6D48A778-9B03-49F4-B553-A5A9DF3E24AA}.Debug|x64.Build.0 = Debug|Any CPU
		{6D48A778-9B03-49F4-B553-A5A9DF3E24AA}.Debug|x86.ActiveCfg = Debug|Any CPU
		{6D48A778-9B03-49F4-B553-A5A9DF3E24AA}.Debug|x86.Build.0 = Debug|Any CPU
		{6D48A778-9B03-49F4-B553-A5A9DF3E24AA}.Release|Any CPU.ActiveCfg = Release|Any CPU
		{6D48A778-9B03-49F4-B553-A5A9DF3E24AA}.Release|Any CPU.Build.0 = Release|Any CPU
		{6D48A778-9B03-49F4-B553-A5A9DF3E24AA}.Release|ARM.ActiveCfg = Release|Any CPU
		{6D48A778-9B03-49F4-B553-A5A9DF3E24AA}.Release|ARM.Build.0 = Release|Any CPU
		{6D48A778-9B03-49F4-B553-A5A9DF3E24AA}.Release|x64.ActiveCfg = Release|Any CPU
		{6D48A778-9B03-49F4-B553-A5A9DF3E24AA}.Release|x64.Build.0 = Release|Any CPU
		{6D48A778-9B03-49F4-B553-A5A9DF3E24AA}.Release|x86.ActiveCfg = Release|Any CPU
		{6D48A778-9B03-49F4-B553-A5A9DF3E24AA}.Release|x86.Build.0 = Release|Any CPU
		{6D48A778-9B03-49F4-B553-A5A9DF3E24AA}.Windows Debug|Any CPU.ActiveCfg = Debug|Any CPU
		{6D48A778-9B03-49F4-B553-A5A9DF3E24AA}.Windows Debug|Any CPU.Build.0 = Debug|Any CPU
		{6D48A778-9B03-49F4-B553-A5A9DF3E24AA}.Windows Debug|ARM.ActiveCfg = Debug|ARM
		{6D48A778-9B03-49F4-B553-A5A9DF3E24AA}.Windows Debug|ARM.Build.0 = Debug|ARM
		{6D48A778-9B03-49F4-B553-A5A9DF3E24AA}.Windows Debug|x64.ActiveCfg = Debug|Any CPU
		{6D48A778-9B03-49F4-B553-A5A9DF3E24AA}.Windows Debug|x86.ActiveCfg = Debug|x86
		{6D48A778-9B03-49F4-B553-A5A9DF3E24AA}.Windows Debug|x86.Build.0 = Debug|x86
		{6D48A778-9B03-49F4-B553-A5A9DF3E24AA}.Windows Phone Debug|Any CPU.ActiveCfg = Debug|Any CPU
		{6D48A778-9B03-49F4-B553-A5A9DF3E24AA}.Windows Phone Debug|Any CPU.Build.0 = Debug|Any CPU
		{6D48A778-9B03-49F4-B553-A5A9DF3E24AA}.Windows Phone Debug|ARM.ActiveCfg = Debug|ARM
		{6D48A778-9B03-49F4-B553-A5A9DF3E24AA}.Windows Phone Debug|ARM.Build.0 = Debug|ARM
		{6D48A778-9B03-49F4-B553-A5A9DF3E24AA}.Windows Phone Debug|x64.ActiveCfg = Debug|Any CPU
		{6D48A778-9B03-49F4-B553-A5A9DF3E24AA}.Windows Phone Debug|x86.ActiveCfg = Debug|x86
		{6D48A778-9B03-49F4-B553-A5A9DF3E24AA}.Windows Phone Debug|x86.Build.0 = Debug|x86
		{6D48A778-9B03-49F4-B553-A5A9DF3E24AA}.Windows Phone Release|Any CPU.ActiveCfg = Release|Any CPU
		{6D48A778-9B03-49F4-B553-A5A9DF3E24AA}.Windows Phone Release|Any CPU.Build.0 = Release|Any CPU
		{6D48A778-9B03-49F4-B553-A5A9DF3E24AA}.Windows Phone Release|ARM.ActiveCfg = Release|ARM
		{6D48A778-9B03-49F4-B553-A5A9DF3E24AA}.Windows Phone Release|ARM.Build.0 = Release|ARM
		{6D48A778-9B03-49F4-B553-A5A9DF3E24AA}.Windows Phone Release|x64.ActiveCfg = Release|Any CPU
		{6D48A778-9B03-49F4-B553-A5A9DF3E24AA}.Windows Phone Release|x86.ActiveCfg = Release|x86
		{6D48A778-9B03-49F4-B553-A5A9DF3E24AA}.Windows Phone Release|x86.Build.0 = Release|x86
		{6D48A778-9B03-49F4-B553-A5A9DF3E24AA}.Windows Release|Any CPU.ActiveCfg = Release|Any CPU
		{6D48A778-9B03-49F4-B553-A5A9DF3E24AA}.Windows Release|Any CPU.Build.0 = Release|Any CPU
		{6D48A778-9B03-49F4-B553-A5A9DF3E24AA}.Windows Release|ARM.ActiveCfg = Release|ARM
		{6D48A778-9B03-49F4-B553-A5A9DF3E24AA}.Windows Release|ARM.Build.0 = Release|ARM
		{6D48A778-9B03-49F4-B553-A5A9DF3E24AA}.Windows Release|x64.ActiveCfg = Release|Any CPU
		{6D48A778-9B03-49F4-B553-A5A9DF3E24AA}.Windows Release|x86.ActiveCfg = Release|x86
		{6D48A778-9B03-49F4-B553-A5A9DF3E24AA}.Windows Release|x86.Build.0 = Release|x86
		{85D32FA1-98FC-4922-9CCD-8E6BB3D5F315}.Debug|Any CPU.ActiveCfg = Debug|Any CPU
		{85D32FA1-98FC-4922-9CCD-8E6BB3D5F315}.Debug|Any CPU.Build.0 = Debug|Any CPU
		{85D32FA1-98FC-4922-9CCD-8E6BB3D5F315}.Debug|ARM.ActiveCfg = Debug|Any CPU
		{85D32FA1-98FC-4922-9CCD-8E6BB3D5F315}.Debug|ARM.Build.0 = Debug|Any CPU
		{85D32FA1-98FC-4922-9CCD-8E6BB3D5F315}.Debug|x64.ActiveCfg = Debug|Any CPU
		{85D32FA1-98FC-4922-9CCD-8E6BB3D5F315}.Debug|x64.Build.0 = Debug|Any CPU
		{85D32FA1-98FC-4922-9CCD-8E6BB3D5F315}.Debug|x86.ActiveCfg = Debug|Any CPU
		{85D32FA1-98FC-4922-9CCD-8E6BB3D5F315}.Debug|x86.Build.0 = Debug|Any CPU
		{85D32FA1-98FC-4922-9CCD-8E6BB3D5F315}.Release|Any CPU.ActiveCfg = Release|Any CPU
		{85D32FA1-98FC-4922-9CCD-8E6BB3D5F315}.Release|Any CPU.Build.0 = Release|Any CPU
		{85D32FA1-98FC-4922-9CCD-8E6BB3D5F315}.Release|ARM.ActiveCfg = Release|Any CPU
		{85D32FA1-98FC-4922-9CCD-8E6BB3D5F315}.Release|ARM.Build.0 = Release|Any CPU
		{85D32FA1-98FC-4922-9CCD-8E6BB3D5F315}.Release|x64.ActiveCfg = Release|Any CPU
		{85D32FA1-98FC-4922-9CCD-8E6BB3D5F315}.Release|x64.Build.0 = Release|Any CPU
		{85D32FA1-98FC-4922-9CCD-8E6BB3D5F315}.Release|x86.ActiveCfg = Release|Any CPU
		{85D32FA1-98FC-4922-9CCD-8E6BB3D5F315}.Release|x86.Build.0 = Release|Any CPU
		{85D32FA1-98FC-4922-9CCD-8E6BB3D5F315}.Windows Debug|Any CPU.ActiveCfg = Windows Debug|Any CPU
		{85D32FA1-98FC-4922-9CCD-8E6BB3D5F315}.Windows Debug|Any CPU.Build.0 = Windows Debug|Any CPU
		{85D32FA1-98FC-4922-9CCD-8E6BB3D5F315}.Windows Debug|ARM.ActiveCfg = Debug|ARM
		{85D32FA1-98FC-4922-9CCD-8E6BB3D5F315}.Windows Debug|ARM.Build.0 = Debug|ARM
		{85D32FA1-98FC-4922-9CCD-8E6BB3D5F315}.Windows Debug|x64.ActiveCfg = Debug|x64
		{85D32FA1-98FC-4922-9CCD-8E6BB3D5F315}.Windows Debug|x64.Build.0 = Debug|x64
		{85D32FA1-98FC-4922-9CCD-8E6BB3D5F315}.Windows Debug|x86.ActiveCfg = Debug|x86
		{85D32FA1-98FC-4922-9CCD-8E6BB3D5F315}.Windows Debug|x86.Build.0 = Debug|x86
		{85D32FA1-98FC-4922-9CCD-8E6BB3D5F315}.Windows Phone Debug|Any CPU.ActiveCfg = Windows Phone Debug|Any CPU
		{85D32FA1-98FC-4922-9CCD-8E6BB3D5F315}.Windows Phone Debug|Any CPU.Build.0 = Windows Phone Debug|Any CPU
		{85D32FA1-98FC-4922-9CCD-8E6BB3D5F315}.Windows Phone Debug|ARM.ActiveCfg = Debug|ARM
		{85D32FA1-98FC-4922-9CCD-8E6BB3D5F315}.Windows Phone Debug|ARM.Build.0 = Debug|ARM
		{85D32FA1-98FC-4922-9CCD-8E6BB3D5F315}.Windows Phone Debug|x64.ActiveCfg = Debug|x64
		{85D32FA1-98FC-4922-9CCD-8E6BB3D5F315}.Windows Phone Debug|x64.Build.0 = Debug|x64
		{85D32FA1-98FC-4922-9CCD-8E6BB3D5F315}.Windows Phone Debug|x86.ActiveCfg = Debug|x86
		{85D32FA1-98FC-4922-9CCD-8E6BB3D5F315}.Windows Phone Debug|x86.Build.0 = Debug|x86
		{85D32FA1-98FC-4922-9CCD-8E6BB3D5F315}.Windows Phone Release|Any CPU.ActiveCfg = Windows Phone Release|Any CPU
		{85D32FA1-98FC-4922-9CCD-8E6BB3D5F315}.Windows Phone Release|Any CPU.Build.0 = Windows Phone Release|Any CPU
		{85D32FA1-98FC-4922-9CCD-8E6BB3D5F315}.Windows Phone Release|ARM.ActiveCfg = Release|ARM
		{85D32FA1-98FC-4922-9CCD-8E6BB3D5F315}.Windows Phone Release|ARM.Build.0 = Release|ARM
		{85D32FA1-98FC-4922-9CCD-8E6BB3D5F315}.Windows Phone Release|x64.ActiveCfg = Release|x64
		{85D32FA1-98FC-4922-9CCD-8E6BB3D5F315}.Windows Phone Release|x64.Build.0 = Release|x64
		{85D32FA1-98FC-4922-9CCD-8E6BB3D5F315}.Windows Phone Release|x86.ActiveCfg = Release|x86
		{85D32FA1-98FC-4922-9CCD-8E6BB3D5F315}.Windows Phone Release|x86.Build.0 = Release|x86
		{85D32FA1-98FC-4922-9CCD-8E6BB3D5F315}.Windows Release|Any CPU.ActiveCfg = Windows Release|Any CPU
		{85D32FA1-98FC-4922-9CCD-8E6BB3D5F315}.Windows Release|Any CPU.Build.0 = Windows Release|Any CPU
		{85D32FA1-98FC-4922-9CCD-8E6BB3D5F315}.Windows Release|ARM.ActiveCfg = Release|ARM
		{85D32FA1-98FC-4922-9CCD-8E6BB3D5F315}.Windows Release|ARM.Build.0 = Release|ARM
		{85D32FA1-98FC-4922-9CCD-8E6BB3D5F315}.Windows Release|x64.ActiveCfg = Release|x64
		{85D32FA1-98FC-4922-9CCD-8E6BB3D5F315}.Windows Release|x64.Build.0 = Release|x64
		{85D32FA1-98FC-4922-9CCD-8E6BB3D5F315}.Windows Release|x86.ActiveCfg = Release|x86
		{85D32FA1-98FC-4922-9CCD-8E6BB3D5F315}.Windows Release|x86.Build.0 = Release|x86
		{CDC74B0E-F044-4671-8CA7-D056F0C7CAF9}.Debug|Any CPU.ActiveCfg = Debug|Any CPU
		{CDC74B0E-F044-4671-8CA7-D056F0C7CAF9}.Debug|Any CPU.Build.0 = Debug|Any CPU
		{CDC74B0E-F044-4671-8CA7-D056F0C7CAF9}.Debug|Any CPU.Deploy.0 = Debug|Any CPU
		{CDC74B0E-F044-4671-8CA7-D056F0C7CAF9}.Debug|ARM.ActiveCfg = Debug|ARM
		{CDC74B0E-F044-4671-8CA7-D056F0C7CAF9}.Debug|ARM.Build.0 = Debug|ARM
		{CDC74B0E-F044-4671-8CA7-D056F0C7CAF9}.Debug|ARM.Deploy.0 = Debug|ARM
		{CDC74B0E-F044-4671-8CA7-D056F0C7CAF9}.Debug|x64.ActiveCfg = Debug|Any CPU
		{CDC74B0E-F044-4671-8CA7-D056F0C7CAF9}.Debug|x86.ActiveCfg = Debug|x86
		{CDC74B0E-F044-4671-8CA7-D056F0C7CAF9}.Debug|x86.Build.0 = Debug|x86
		{CDC74B0E-F044-4671-8CA7-D056F0C7CAF9}.Debug|x86.Deploy.0 = Debug|x86
		{CDC74B0E-F044-4671-8CA7-D056F0C7CAF9}.Release|Any CPU.ActiveCfg = Release|Any CPU
		{CDC74B0E-F044-4671-8CA7-D056F0C7CAF9}.Release|Any CPU.Build.0 = Release|Any CPU
		{CDC74B0E-F044-4671-8CA7-D056F0C7CAF9}.Release|Any CPU.Deploy.0 = Release|Any CPU
		{CDC74B0E-F044-4671-8CA7-D056F0C7CAF9}.Release|ARM.ActiveCfg = Release|ARM
		{CDC74B0E-F044-4671-8CA7-D056F0C7CAF9}.Release|ARM.Build.0 = Release|ARM
		{CDC74B0E-F044-4671-8CA7-D056F0C7CAF9}.Release|ARM.Deploy.0 = Release|ARM
		{CDC74B0E-F044-4671-8CA7-D056F0C7CAF9}.Release|x64.ActiveCfg = Release|Any CPU
		{CDC74B0E-F044-4671-8CA7-D056F0C7CAF9}.Release|x86.ActiveCfg = Release|x86
		{CDC74B0E-F044-4671-8CA7-D056F0C7CAF9}.Release|x86.Build.0 = Release|x86
		{CDC74B0E-F044-4671-8CA7-D056F0C7CAF9}.Release|x86.Deploy.0 = Release|x86
		{CDC74B0E-F044-4671-8CA7-D056F0C7CAF9}.Windows Debug|Any CPU.ActiveCfg = Debug|Any CPU
		{CDC74B0E-F044-4671-8CA7-D056F0C7CAF9}.Windows Debug|Any CPU.Build.0 = Debug|Any CPU
		{CDC74B0E-F044-4671-8CA7-D056F0C7CAF9}.Windows Debug|Any CPU.Deploy.0 = Debug|Any CPU
		{CDC74B0E-F044-4671-8CA7-D056F0C7CAF9}.Windows Debug|ARM.ActiveCfg = Debug|ARM
		{CDC74B0E-F044-4671-8CA7-D056F0C7CAF9}.Windows Debug|ARM.Build.0 = Debug|ARM
		{CDC74B0E-F044-4671-8CA7-D056F0C7CAF9}.Windows Debug|ARM.Deploy.0 = Debug|ARM
		{CDC74B0E-F044-4671-8CA7-D056F0C7CAF9}.Windows Debug|x64.ActiveCfg = Debug|Any CPU
		{CDC74B0E-F044-4671-8CA7-D056F0C7CAF9}.Windows Debug|x86.ActiveCfg = Debug|x86
		{CDC74B0E-F044-4671-8CA7-D056F0C7CAF9}.Windows Debug|x86.Build.0 = Debug|x86
		{CDC74B0E-F044-4671-8CA7-D056F0C7CAF9}.Windows Debug|x86.Deploy.0 = Debug|x86
		{CDC74B0E-F044-4671-8CA7-D056F0C7CAF9}.Windows Phone Debug|Any CPU.ActiveCfg = Debug|Any CPU
		{CDC74B0E-F044-4671-8CA7-D056F0C7CAF9}.Windows Phone Debug|Any CPU.Build.0 = Debug|Any CPU
		{CDC74B0E-F044-4671-8CA7-D056F0C7CAF9}.Windows Phone Debug|Any CPU.Deploy.0 = Debug|Any CPU
		{CDC74B0E-F044-4671-8CA7-D056F0C7CAF9}.Windows Phone Debug|ARM.ActiveCfg = Debug|ARM
		{CDC74B0E-F044-4671-8CA7-D056F0C7CAF9}.Windows Phone Debug|ARM.Build.0 = Debug|ARM
		{CDC74B0E-F044-4671-8CA7-D056F0C7CAF9}.Windows Phone Debug|ARM.Deploy.0 = Debug|ARM
		{CDC74B0E-F044-4671-8CA7-D056F0C7CAF9}.Windows Phone Debug|x64.ActiveCfg = Debug|Any CPU
		{CDC74B0E-F044-4671-8CA7-D056F0C7CAF9}.Windows Phone Debug|x86.ActiveCfg = Debug|x86
		{CDC74B0E-F044-4671-8CA7-D056F0C7CAF9}.Windows Phone Debug|x86.Build.0 = Debug|x86
		{CDC74B0E-F044-4671-8CA7-D056F0C7CAF9}.Windows Phone Debug|x86.Deploy.0 = Debug|x86
		{CDC74B0E-F044-4671-8CA7-D056F0C7CAF9}.Windows Phone Release|Any CPU.ActiveCfg = Release|Any CPU
		{CDC74B0E-F044-4671-8CA7-D056F0C7CAF9}.Windows Phone Release|Any CPU.Build.0 = Release|Any CPU
		{CDC74B0E-F044-4671-8CA7-D056F0C7CAF9}.Windows Phone Release|Any CPU.Deploy.0 = Release|Any CPU
		{CDC74B0E-F044-4671-8CA7-D056F0C7CAF9}.Windows Phone Release|ARM.ActiveCfg = Release|ARM
		{CDC74B0E-F044-4671-8CA7-D056F0C7CAF9}.Windows Phone Release|ARM.Build.0 = Release|ARM
		{CDC74B0E-F044-4671-8CA7-D056F0C7CAF9}.Windows Phone Release|ARM.Deploy.0 = Release|ARM
		{CDC74B0E-F044-4671-8CA7-D056F0C7CAF9}.Windows Phone Release|x64.ActiveCfg = Release|Any CPU
		{CDC74B0E-F044-4671-8CA7-D056F0C7CAF9}.Windows Phone Release|x86.ActiveCfg = Release|x86
		{CDC74B0E-F044-4671-8CA7-D056F0C7CAF9}.Windows Phone Release|x86.Build.0 = Release|x86
		{CDC74B0E-F044-4671-8CA7-D056F0C7CAF9}.Windows Phone Release|x86.Deploy.0 = Release|x86
		{CDC74B0E-F044-4671-8CA7-D056F0C7CAF9}.Windows Release|Any CPU.ActiveCfg = Release|Any CPU
		{CDC74B0E-F044-4671-8CA7-D056F0C7CAF9}.Windows Release|Any CPU.Build.0 = Release|Any CPU
		{CDC74B0E-F044-4671-8CA7-D056F0C7CAF9}.Windows Release|Any CPU.Deploy.0 = Release|Any CPU
		{CDC74B0E-F044-4671-8CA7-D056F0C7CAF9}.Windows Release|ARM.ActiveCfg = Release|ARM
		{CDC74B0E-F044-4671-8CA7-D056F0C7CAF9}.Windows Release|ARM.Build.0 = Release|ARM
		{CDC74B0E-F044-4671-8CA7-D056F0C7CAF9}.Windows Release|ARM.Deploy.0 = Release|ARM
		{CDC74B0E-F044-4671-8CA7-D056F0C7CAF9}.Windows Release|x64.ActiveCfg = Release|Any CPU
		{CDC74B0E-F044-4671-8CA7-D056F0C7CAF9}.Windows Release|x86.ActiveCfg = Release|x86
		{CDC74B0E-F044-4671-8CA7-D056F0C7CAF9}.Windows Release|x86.Build.0 = Release|x86
		{CDC74B0E-F044-4671-8CA7-D056F0C7CAF9}.Windows Release|x86.Deploy.0 = Release|x86
		{CDDE07C0-F828-4AFF-ABC5-07CFA6777329}.Debug|Any CPU.ActiveCfg = Debug|Any CPU
		{CDDE07C0-F828-4AFF-ABC5-07CFA6777329}.Debug|Any CPU.Build.0 = Debug|Any CPU
		{CDDE07C0-F828-4AFF-ABC5-07CFA6777329}.Debug|Any CPU.Deploy.0 = Debug|Any CPU
		{CDDE07C0-F828-4AFF-ABC5-07CFA6777329}.Debug|ARM.ActiveCfg = Debug|ARM
		{CDDE07C0-F828-4AFF-ABC5-07CFA6777329}.Debug|ARM.Build.0 = Debug|ARM
		{CDDE07C0-F828-4AFF-ABC5-07CFA6777329}.Debug|ARM.Deploy.0 = Debug|ARM
		{CDDE07C0-F828-4AFF-ABC5-07CFA6777329}.Debug|x64.ActiveCfg = Debug|x64
		{CDDE07C0-F828-4AFF-ABC5-07CFA6777329}.Debug|x64.Build.0 = Debug|x64
		{CDDE07C0-F828-4AFF-ABC5-07CFA6777329}.Debug|x64.Deploy.0 = Debug|x64
		{CDDE07C0-F828-4AFF-ABC5-07CFA6777329}.Debug|x86.ActiveCfg = Debug|x86
		{CDDE07C0-F828-4AFF-ABC5-07CFA6777329}.Debug|x86.Build.0 = Debug|x86
		{CDDE07C0-F828-4AFF-ABC5-07CFA6777329}.Debug|x86.Deploy.0 = Debug|x86
		{CDDE07C0-F828-4AFF-ABC5-07CFA6777329}.Release|Any CPU.ActiveCfg = Release|Any CPU
		{CDDE07C0-F828-4AFF-ABC5-07CFA6777329}.Release|Any CPU.Build.0 = Release|Any CPU
		{CDDE07C0-F828-4AFF-ABC5-07CFA6777329}.Release|Any CPU.Deploy.0 = Release|Any CPU
		{CDDE07C0-F828-4AFF-ABC5-07CFA6777329}.Release|ARM.ActiveCfg = Release|Any CPU
		{CDDE07C0-F828-4AFF-ABC5-07CFA6777329}.Release|ARM.Build.0 = Release|Any CPU
		{CDDE07C0-F828-4AFF-ABC5-07CFA6777329}.Release|ARM.Deploy.0 = Release|Any CPU
		{CDDE07C0-F828-4AFF-ABC5-07CFA6777329}.Release|x64.ActiveCfg = Release|Any CPU
		{CDDE07C0-F828-4AFF-ABC5-07CFA6777329}.Release|x64.Build.0 = Release|Any CPU
		{CDDE07C0-F828-4AFF-ABC5-07CFA6777329}.Release|x64.Deploy.0 = Release|Any CPU
		{CDDE07C0-F828-4AFF-ABC5-07CFA6777329}.Release|x86.ActiveCfg = Release|Any CPU
		{CDDE07C0-F828-4AFF-ABC5-07CFA6777329}.Release|x86.Build.0 = Release|Any CPU
		{CDDE07C0-F828-4AFF-ABC5-07CFA6777329}.Release|x86.Deploy.0 = Release|Any CPU
		{CDDE07C0-F828-4AFF-ABC5-07CFA6777329}.Windows Debug|Any CPU.ActiveCfg = Debug|Any CPU
		{CDDE07C0-F828-4AFF-ABC5-07CFA6777329}.Windows Debug|Any CPU.Build.0 = Debug|Any CPU
		{CDDE07C0-F828-4AFF-ABC5-07CFA6777329}.Windows Debug|Any CPU.Deploy.0 = Debug|Any CPU
		{CDDE07C0-F828-4AFF-ABC5-07CFA6777329}.Windows Debug|ARM.ActiveCfg = Debug|ARM
		{CDDE07C0-F828-4AFF-ABC5-07CFA6777329}.Windows Debug|ARM.Build.0 = Debug|ARM
		{CDDE07C0-F828-4AFF-ABC5-07CFA6777329}.Windows Debug|ARM.Deploy.0 = Debug|ARM
		{CDDE07C0-F828-4AFF-ABC5-07CFA6777329}.Windows Debug|x64.ActiveCfg = Debug|x64
		{CDDE07C0-F828-4AFF-ABC5-07CFA6777329}.Windows Debug|x64.Build.0 = Debug|x64
		{CDDE07C0-F828-4AFF-ABC5-07CFA6777329}.Windows Debug|x64.Deploy.0 = Debug|x64
		{CDDE07C0-F828-4AFF-ABC5-07CFA6777329}.Windows Debug|x86.ActiveCfg = Debug|x86
		{CDDE07C0-F828-4AFF-ABC5-07CFA6777329}.Windows Debug|x86.Build.0 = Debug|x86
		{CDDE07C0-F828-4AFF-ABC5-07CFA6777329}.Windows Debug|x86.Deploy.0 = Debug|x86
		{CDDE07C0-F828-4AFF-ABC5-07CFA6777329}.Windows Phone Debug|Any CPU.ActiveCfg = Debug|Any CPU
		{CDDE07C0-F828-4AFF-ABC5-07CFA6777329}.Windows Phone Debug|Any CPU.Build.0 = Debug|Any CPU
		{CDDE07C0-F828-4AFF-ABC5-07CFA6777329}.Windows Phone Debug|Any CPU.Deploy.0 = Debug|Any CPU
		{CDDE07C0-F828-4AFF-ABC5-07CFA6777329}.Windows Phone Debug|ARM.ActiveCfg = Debug|ARM
		{CDDE07C0-F828-4AFF-ABC5-07CFA6777329}.Windows Phone Debug|ARM.Build.0 = Debug|ARM
		{CDDE07C0-F828-4AFF-ABC5-07CFA6777329}.Windows Phone Debug|ARM.Deploy.0 = Debug|ARM
		{CDDE07C0-F828-4AFF-ABC5-07CFA6777329}.Windows Phone Debug|x64.ActiveCfg = Debug|x64
		{CDDE07C0-F828-4AFF-ABC5-07CFA6777329}.Windows Phone Debug|x64.Build.0 = Debug|x64
		{CDDE07C0-F828-4AFF-ABC5-07CFA6777329}.Windows Phone Debug|x64.Deploy.0 = Debug|x64
		{CDDE07C0-F828-4AFF-ABC5-07CFA6777329}.Windows Phone Debug|x86.ActiveCfg = Debug|x86
		{CDDE07C0-F828-4AFF-ABC5-07CFA6777329}.Windows Phone Debug|x86.Build.0 = Debug|x86
		{CDDE07C0-F828-4AFF-ABC5-07CFA6777329}.Windows Phone Debug|x86.Deploy.0 = Debug|x86
		{CDDE07C0-F828-4AFF-ABC5-07CFA6777329}.Windows Phone Release|Any CPU.ActiveCfg = Release|Any CPU
		{CDDE07C0-F828-4AFF-ABC5-07CFA6777329}.Windows Phone Release|Any CPU.Build.0 = Release|Any CPU
		{CDDE07C0-F828-4AFF-ABC5-07CFA6777329}.Windows Phone Release|Any CPU.Deploy.0 = Release|Any CPU
		{CDDE07C0-F828-4AFF-ABC5-07CFA6777329}.Windows Phone Release|ARM.ActiveCfg = Release|ARM
		{CDDE07C0-F828-4AFF-ABC5-07CFA6777329}.Windows Phone Release|ARM.Build.0 = Release|ARM
		{CDDE07C0-F828-4AFF-ABC5-07CFA6777329}.Windows Phone Release|ARM.Deploy.0 = Release|ARM
		{CDDE07C0-F828-4AFF-ABC5-07CFA6777329}.Windows Phone Release|x64.ActiveCfg = Release|x64
		{CDDE07C0-F828-4AFF-ABC5-07CFA6777329}.Windows Phone Release|x64.Build.0 = Release|x64
		{CDDE07C0-F828-4AFF-ABC5-07CFA6777329}.Windows Phone Release|x64.Deploy.0 = Release|x64
		{CDDE07C0-F828-4AFF-ABC5-07CFA6777329}.Windows Phone Release|x86.ActiveCfg = Release|x86
		{CDDE07C0-F828-4AFF-ABC5-07CFA6777329}.Windows Phone Release|x86.Build.0 = Release|x86
		{CDDE07C0-F828-4AFF-ABC5-07CFA6777329}.Windows Phone Release|x86.Deploy.0 = Release|x86
		{CDDE07C0-F828-4AFF-ABC5-07CFA6777329}.Windows Release|Any CPU.ActiveCfg = Release|Any CPU
		{CDDE07C0-F828-4AFF-ABC5-07CFA6777329}.Windows Release|Any CPU.Build.0 = Release|Any CPU
		{CDDE07C0-F828-4AFF-ABC5-07CFA6777329}.Windows Release|Any CPU.Deploy.0 = Release|Any CPU
		{CDDE07C0-F828-4AFF-ABC5-07CFA6777329}.Windows Release|ARM.ActiveCfg = Release|ARM
		{CDDE07C0-F828-4AFF-ABC5-07CFA6777329}.Windows Release|ARM.Build.0 = Release|ARM
		{CDDE07C0-F828-4AFF-ABC5-07CFA6777329}.Windows Release|ARM.Deploy.0 = Release|ARM
		{CDDE07C0-F828-4AFF-ABC5-07CFA6777329}.Windows Release|x64.ActiveCfg = Release|x64
		{CDDE07C0-F828-4AFF-ABC5-07CFA6777329}.Windows Release|x64.Build.0 = Release|x64
		{CDDE07C0-F828-4AFF-ABC5-07CFA6777329}.Windows Release|x64.Deploy.0 = Release|x64
		{CDDE07C0-F828-4AFF-ABC5-07CFA6777329}.Windows Release|x86.ActiveCfg = Release|x86
		{CDDE07C0-F828-4AFF-ABC5-07CFA6777329}.Windows Release|x86.Build.0 = Release|x86
		{CDDE07C0-F828-4AFF-ABC5-07CFA6777329}.Windows Release|x86.Deploy.0 = Release|x86
		{C1DDC941-5F0A-4A0E-A8D4-D3E262E547FE}.Debug|Any CPU.ActiveCfg = Debug|Any CPU
		{C1DDC941-5F0A-4A0E-A8D4-D3E262E547FE}.Debug|Any CPU.Build.0 = Debug|Any CPU
		{C1DDC941-5F0A-4A0E-A8D4-D3E262E547FE}.Debug|Any CPU.Deploy.0 = Debug|Any CPU
		{C1DDC941-5F0A-4A0E-A8D4-D3E262E547FE}.Debug|ARM.ActiveCfg = Debug|Any CPU
		{C1DDC941-5F0A-4A0E-A8D4-D3E262E547FE}.Debug|ARM.Build.0 = Debug|Any CPU
		{C1DDC941-5F0A-4A0E-A8D4-D3E262E547FE}.Debug|ARM.Deploy.0 = Debug|Any CPU
		{C1DDC941-5F0A-4A0E-A8D4-D3E262E547FE}.Debug|x64.ActiveCfg = Debug|Any CPU
		{C1DDC941-5F0A-4A0E-A8D4-D3E262E547FE}.Debug|x64.Build.0 = Debug|Any CPU
		{C1DDC941-5F0A-4A0E-A8D4-D3E262E547FE}.Debug|x64.Deploy.0 = Debug|Any CPU
		{C1DDC941-5F0A-4A0E-A8D4-D3E262E547FE}.Debug|x86.ActiveCfg = Debug|Any CPU
		{C1DDC941-5F0A-4A0E-A8D4-D3E262E547FE}.Debug|x86.Build.0 = Debug|Any CPU
		{C1DDC941-5F0A-4A0E-A8D4-D3E262E547FE}.Debug|x86.Deploy.0 = Debug|Any CPU
		{C1DDC941-5F0A-4A0E-A8D4-D3E262E547FE}.Release|Any CPU.ActiveCfg = Release|Any CPU
		{C1DDC941-5F0A-4A0E-A8D4-D3E262E547FE}.Release|Any CPU.Build.0 = Release|Any CPU
		{C1DDC941-5F0A-4A0E-A8D4-D3E262E547FE}.Release|Any CPU.Deploy.0 = Release|Any CPU
		{C1DDC941-5F0A-4A0E-A8D4-D3E262E547FE}.Release|ARM.ActiveCfg = Release|Any CPU
		{C1DDC941-5F0A-4A0E-A8D4-D3E262E547FE}.Release|ARM.Build.0 = Release|Any CPU
		{C1DDC941-5F0A-4A0E-A8D4-D3E262E547FE}.Release|ARM.Deploy.0 = Release|Any CPU
		{C1DDC941-5F0A-4A0E-A8D4-D3E262E547FE}.Release|x64.ActiveCfg = Release|Any CPU
		{C1DDC941-5F0A-4A0E-A8D4-D3E262E547FE}.Release|x64.Build.0 = Release|Any CPU
		{C1DDC941-5F0A-4A0E-A8D4-D3E262E547FE}.Release|x64.Deploy.0 = Release|Any CPU
		{C1DDC941-5F0A-4A0E-A8D4-D3E262E547FE}.Release|x86.ActiveCfg = Release|Any CPU
		{C1DDC941-5F0A-4A0E-A8D4-D3E262E547FE}.Release|x86.Build.0 = Release|Any CPU
		{C1DDC941-5F0A-4A0E-A8D4-D3E262E547FE}.Release|x86.Deploy.0 = Release|Any CPU
		{C1DDC941-5F0A-4A0E-A8D4-D3E262E547FE}.Windows Debug|Any CPU.ActiveCfg = Debug|Any CPU
		{C1DDC941-5F0A-4A0E-A8D4-D3E262E547FE}.Windows Debug|Any CPU.Build.0 = Debug|Any CPU
		{C1DDC941-5F0A-4A0E-A8D4-D3E262E547FE}.Windows Debug|Any CPU.Deploy.0 = Debug|Any CPU
		{C1DDC941-5F0A-4A0E-A8D4-D3E262E547FE}.Windows Debug|ARM.ActiveCfg = Debug|ARM
		{C1DDC941-5F0A-4A0E-A8D4-D3E262E547FE}.Windows Debug|ARM.Build.0 = Debug|ARM
		{C1DDC941-5F0A-4A0E-A8D4-D3E262E547FE}.Windows Debug|ARM.Deploy.0 = Debug|ARM
		{C1DDC941-5F0A-4A0E-A8D4-D3E262E547FE}.Windows Debug|x64.ActiveCfg = Debug|x64
		{C1DDC941-5F0A-4A0E-A8D4-D3E262E547FE}.Windows Debug|x64.Build.0 = Debug|x64
		{C1DDC941-5F0A-4A0E-A8D4-D3E262E547FE}.Windows Debug|x64.Deploy.0 = Debug|x64
		{C1DDC941-5F0A-4A0E-A8D4-D3E262E547FE}.Windows Debug|x86.ActiveCfg = Debug|x86
		{C1DDC941-5F0A-4A0E-A8D4-D3E262E547FE}.Windows Debug|x86.Build.0 = Debug|x86
		{C1DDC941-5F0A-4A0E-A8D4-D3E262E547FE}.Windows Debug|x86.Deploy.0 = Debug|x86
		{C1DDC941-5F0A-4A0E-A8D4-D3E262E547FE}.Windows Phone Debug|Any CPU.ActiveCfg = Debug|Any CPU
		{C1DDC941-5F0A-4A0E-A8D4-D3E262E547FE}.Windows Phone Debug|Any CPU.Build.0 = Debug|Any CPU
		{C1DDC941-5F0A-4A0E-A8D4-D3E262E547FE}.Windows Phone Debug|Any CPU.Deploy.0 = Debug|Any CPU
		{C1DDC941-5F0A-4A0E-A8D4-D3E262E547FE}.Windows Phone Debug|ARM.ActiveCfg = Debug|ARM
		{C1DDC941-5F0A-4A0E-A8D4-D3E262E547FE}.Windows Phone Debug|ARM.Build.0 = Debug|ARM
		{C1DDC941-5F0A-4A0E-A8D4-D3E262E547FE}.Windows Phone Debug|ARM.Deploy.0 = Debug|ARM
		{C1DDC941-5F0A-4A0E-A8D4-D3E262E547FE}.Windows Phone Debug|x64.ActiveCfg = Debug|x64
		{C1DDC941-5F0A-4A0E-A8D4-D3E262E547FE}.Windows Phone Debug|x64.Build.0 = Debug|x64
		{C1DDC941-5F0A-4A0E-A8D4-D3E262E547FE}.Windows Phone Debug|x64.Deploy.0 = Debug|x64
		{C1DDC941-5F0A-4A0E-A8D4-D3E262E547FE}.Windows Phone Debug|x86.ActiveCfg = Debug|x86
		{C1DDC941-5F0A-4A0E-A8D4-D3E262E547FE}.Windows Phone Debug|x86.Build.0 = Debug|x86
		{C1DDC941-5F0A-4A0E-A8D4-D3E262E547FE}.Windows Phone Debug|x86.Deploy.0 = Debug|x86
		{C1DDC941-5F0A-4A0E-A8D4-D3E262E547FE}.Windows Phone Release|Any CPU.ActiveCfg = Release|Any CPU
		{C1DDC941-5F0A-4A0E-A8D4-D3E262E547FE}.Windows Phone Release|Any CPU.Build.0 = Release|Any CPU
		{C1DDC941-5F0A-4A0E-A8D4-D3E262E547FE}.Windows Phone Release|Any CPU.Deploy.0 = Release|Any CPU
		{C1DDC941-5F0A-4A0E-A8D4-D3E262E547FE}.Windows Phone Release|ARM.ActiveCfg = Release|ARM
		{C1DDC941-5F0A-4A0E-A8D4-D3E262E547FE}.Windows Phone Release|ARM.Build.0 = Release|ARM
		{C1DDC941-5F0A-4A0E-A8D4-D3E262E547FE}.Windows Phone Release|ARM.Deploy.0 = Release|ARM
		{C1DDC941-5F0A-4A0E-A8D4-D3E262E547FE}.Windows Phone Release|x64.ActiveCfg = Release|x64
		{C1DDC941-5F0A-4A0E-A8D4-D3E262E547FE}.Windows Phone Release|x64.Build.0 = Release|x64
		{C1DDC941-5F0A-4A0E-A8D4-D3E262E547FE}.Windows Phone Release|x64.Deploy.0 = Release|x64
		{C1DDC941-5F0A-4A0E-A8D4-D3E262E547FE}.Windows Phone Release|x86.ActiveCfg = Release|x86
		{C1DDC941-5F0A-4A0E-A8D4-D3E262E547FE}.Windows Phone Release|x86.Build.0 = Release|x86
		{C1DDC941-5F0A-4A0E-A8D4-D3E262E547FE}.Windows Phone Release|x86.Deploy.0 = Release|x86
		{C1DDC941-5F0A-4A0E-A8D4-D3E262E547FE}.Windows Release|Any CPU.ActiveCfg = Release|Any CPU
		{C1DDC941-5F0A-4A0E-A8D4-D3E262E547FE}.Windows Release|Any CPU.Build.0 = Release|Any CPU
		{C1DDC941-5F0A-4A0E-A8D4-D3E262E547FE}.Windows Release|Any CPU.Deploy.0 = Release|Any CPU
		{C1DDC941-5F0A-4A0E-A8D4-D3E262E547FE}.Windows Release|ARM.ActiveCfg = Release|ARM
		{C1DDC941-5F0A-4A0E-A8D4-D3E262E547FE}.Windows Release|ARM.Build.0 = Release|ARM
		{C1DDC941-5F0A-4A0E-A8D4-D3E262E547FE}.Windows Release|ARM.Deploy.0 = Release|ARM
		{C1DDC941-5F0A-4A0E-A8D4-D3E262E547FE}.Windows Release|x64.ActiveCfg = Release|x64
		{C1DDC941-5F0A-4A0E-A8D4-D3E262E547FE}.Windows Release|x64.Build.0 = Release|x64
		{C1DDC941-5F0A-4A0E-A8D4-D3E262E547FE}.Windows Release|x64.Deploy.0 = Release|x64
		{C1DDC941-5F0A-4A0E-A8D4-D3E262E547FE}.Windows Release|x86.ActiveCfg = Release|x86
		{C1DDC941-5F0A-4A0E-A8D4-D3E262E547FE}.Windows Release|x86.Build.0 = Release|x86
		{C1DDC941-5F0A-4A0E-A8D4-D3E262E547FE}.Windows Release|x86.Deploy.0 = Release|x86
		{04A13B33-0083-47CA-A52F-5E61594F855E}.Debug|Any CPU.ActiveCfg = Debug|Any CPU
		{04A13B33-0083-47CA-A52F-5E61594F855E}.Debug|Any CPU.Build.0 = Debug|Any CPU
		{04A13B33-0083-47CA-A52F-5E61594F855E}.Debug|ARM.ActiveCfg = Debug|Any CPU
		{04A13B33-0083-47CA-A52F-5E61594F855E}.Debug|ARM.Build.0 = Debug|Any CPU
		{04A13B33-0083-47CA-A52F-5E61594F855E}.Debug|x64.ActiveCfg = Debug|Any CPU
		{04A13B33-0083-47CA-A52F-5E61594F855E}.Debug|x64.Build.0 = Debug|Any CPU
		{04A13B33-0083-47CA-A52F-5E61594F855E}.Debug|x86.ActiveCfg = Debug|Any CPU
		{04A13B33-0083-47CA-A52F-5E61594F855E}.Debug|x86.Build.0 = Debug|Any CPU
		{04A13B33-0083-47CA-A52F-5E61594F855E}.Release|Any CPU.ActiveCfg = Release|Any CPU
		{04A13B33-0083-47CA-A52F-5E61594F855E}.Release|Any CPU.Build.0 = Release|Any CPU
		{04A13B33-0083-47CA-A52F-5E61594F855E}.Release|ARM.ActiveCfg = Release|Any CPU
		{04A13B33-0083-47CA-A52F-5E61594F855E}.Release|ARM.Build.0 = Release|Any CPU
		{04A13B33-0083-47CA-A52F-5E61594F855E}.Release|x64.ActiveCfg = Release|Any CPU
		{04A13B33-0083-47CA-A52F-5E61594F855E}.Release|x64.Build.0 = Release|Any CPU
		{04A13B33-0083-47CA-A52F-5E61594F855E}.Release|x86.ActiveCfg = Release|Any CPU
		{04A13B33-0083-47CA-A52F-5E61594F855E}.Release|x86.Build.0 = Release|Any CPU
		{04A13B33-0083-47CA-A52F-5E61594F855E}.Windows Debug|Any CPU.ActiveCfg = Debug|Any CPU
		{04A13B33-0083-47CA-A52F-5E61594F855E}.Windows Debug|Any CPU.Build.0 = Debug|Any CPU
		{04A13B33-0083-47CA-A52F-5E61594F855E}.Windows Debug|ARM.ActiveCfg = Debug|ARM
		{04A13B33-0083-47CA-A52F-5E61594F855E}.Windows Debug|ARM.Build.0 = Debug|ARM
		{04A13B33-0083-47CA-A52F-5E61594F855E}.Windows Debug|x64.ActiveCfg = Debug|x64
		{04A13B33-0083-47CA-A52F-5E61594F855E}.Windows Debug|x64.Build.0 = Debug|x64
		{04A13B33-0083-47CA-A52F-5E61594F855E}.Windows Debug|x86.ActiveCfg = Debug|x86
		{04A13B33-0083-47CA-A52F-5E61594F855E}.Windows Debug|x86.Build.0 = Debug|x86
		{04A13B33-0083-47CA-A52F-5E61594F855E}.Windows Phone Debug|Any CPU.ActiveCfg = Debug|Any CPU
		{04A13B33-0083-47CA-A52F-5E61594F855E}.Windows Phone Debug|Any CPU.Build.0 = Debug|Any CPU
		{04A13B33-0083-47CA-A52F-5E61594F855E}.Windows Phone Debug|ARM.ActiveCfg = Debug|ARM
		{04A13B33-0083-47CA-A52F-5E61594F855E}.Windows Phone Debug|ARM.Build.0 = Debug|ARM
		{04A13B33-0083-47CA-A52F-5E61594F855E}.Windows Phone Debug|x64.ActiveCfg = Debug|x64
		{04A13B33-0083-47CA-A52F-5E61594F855E}.Windows Phone Debug|x64.Build.0 = Debug|x64
		{04A13B33-0083-47CA-A52F-5E61594F855E}.Windows Phone Debug|x86.ActiveCfg = Debug|x86
		{04A13B33-0083-47CA-A52F-5E61594F855E}.Windows Phone Debug|x86.Build.0 = Debug|x86
		{04A13B33-0083-47CA-A52F-5E61594F855E}.Windows Phone Release|Any CPU.ActiveCfg = Release|Any CPU
		{04A13B33-0083-47CA-A52F-5E61594F855E}.Windows Phone Release|Any CPU.Build.0 = Release|Any CPU
		{04A13B33-0083-47CA-A52F-5E61594F855E}.Windows Phone Release|ARM.ActiveCfg = Release|ARM
		{04A13B33-0083-47CA-A52F-5E61594F855E}.Windows Phone Release|ARM.Build.0 = Release|ARM
		{04A13B33-0083-47CA-A52F-5E61594F855E}.Windows Phone Release|x64.ActiveCfg = Release|x64
		{04A13B33-0083-47CA-A52F-5E61594F855E}.Windows Phone Release|x64.Build.0 = Release|x64
		{04A13B33-0083-47CA-A52F-5E61594F855E}.Windows Phone Release|x86.ActiveCfg = Release|x86
		{04A13B33-0083-47CA-A52F-5E61594F855E}.Windows Phone Release|x86.Build.0 = Release|x86
		{04A13B33-0083-47CA-A52F-5E61594F855E}.Windows Release|Any CPU.ActiveCfg = Release|Any CPU
		{04A13B33-0083-47CA-A52F-5E61594F855E}.Windows Release|Any CPU.Build.0 = Release|Any CPU
		{04A13B33-0083-47CA-A52F-5E61594F855E}.Windows Release|ARM.ActiveCfg = Release|ARM
		{04A13B33-0083-47CA-A52F-5E61594F855E}.Windows Release|ARM.Build.0 = Release|ARM
		{04A13B33-0083-47CA-A52F-5E61594F855E}.Windows Release|x64.ActiveCfg = Release|x64
		{04A13B33-0083-47CA-A52F-5E61594F855E}.Windows Release|x64.Build.0 = Release|x64
		{04A13B33-0083-47CA-A52F-5E61594F855E}.Windows Release|x86.ActiveCfg = Release|x86
		{04A13B33-0083-47CA-A52F-5E61594F855E}.Windows Release|x86.Build.0 = Release|x86
		{D5F09B6D-26F3-47AB-A54A-C685DC8FCBCF}.Debug|Any CPU.ActiveCfg = Debug|Any CPU
		{D5F09B6D-26F3-47AB-A54A-C685DC8FCBCF}.Debug|Any CPU.Build.0 = Debug|Any CPU
		{D5F09B6D-26F3-47AB-A54A-C685DC8FCBCF}.Debug|Any CPU.Deploy.0 = Debug|Any CPU
		{D5F09B6D-26F3-47AB-A54A-C685DC8FCBCF}.Debug|ARM.ActiveCfg = Debug|ARM
		{D5F09B6D-26F3-47AB-A54A-C685DC8FCBCF}.Debug|ARM.Build.0 = Debug|ARM
		{D5F09B6D-26F3-47AB-A54A-C685DC8FCBCF}.Debug|ARM.Deploy.0 = Debug|ARM
		{D5F09B6D-26F3-47AB-A54A-C685DC8FCBCF}.Debug|x64.ActiveCfg = Debug|x64
		{D5F09B6D-26F3-47AB-A54A-C685DC8FCBCF}.Debug|x64.Build.0 = Debug|x64
		{D5F09B6D-26F3-47AB-A54A-C685DC8FCBCF}.Debug|x64.Deploy.0 = Debug|x64
		{D5F09B6D-26F3-47AB-A54A-C685DC8FCBCF}.Debug|x86.ActiveCfg = Debug|x86
		{D5F09B6D-26F3-47AB-A54A-C685DC8FCBCF}.Debug|x86.Build.0 = Debug|x86
		{D5F09B6D-26F3-47AB-A54A-C685DC8FCBCF}.Debug|x86.Deploy.0 = Debug|x86
		{D5F09B6D-26F3-47AB-A54A-C685DC8FCBCF}.Release|Any CPU.ActiveCfg = Release|x86
		{D5F09B6D-26F3-47AB-A54A-C685DC8FCBCF}.Release|Any CPU.Build.0 = Release|x86
		{D5F09B6D-26F3-47AB-A54A-C685DC8FCBCF}.Release|Any CPU.Deploy.0 = Release|x86
		{D5F09B6D-26F3-47AB-A54A-C685DC8FCBCF}.Release|ARM.ActiveCfg = Release|ARM
		{D5F09B6D-26F3-47AB-A54A-C685DC8FCBCF}.Release|ARM.Build.0 = Release|ARM
		{D5F09B6D-26F3-47AB-A54A-C685DC8FCBCF}.Release|ARM.Deploy.0 = Release|ARM
		{D5F09B6D-26F3-47AB-A54A-C685DC8FCBCF}.Release|x64.ActiveCfg = Release|x64
		{D5F09B6D-26F3-47AB-A54A-C685DC8FCBCF}.Release|x64.Build.0 = Release|x64
		{D5F09B6D-26F3-47AB-A54A-C685DC8FCBCF}.Release|x64.Deploy.0 = Release|x64
		{D5F09B6D-26F3-47AB-A54A-C685DC8FCBCF}.Release|x86.ActiveCfg = Release|x86
		{D5F09B6D-26F3-47AB-A54A-C685DC8FCBCF}.Release|x86.Build.0 = Release|x86
		{D5F09B6D-26F3-47AB-A54A-C685DC8FCBCF}.Release|x86.Deploy.0 = Release|x86
		{D5F09B6D-26F3-47AB-A54A-C685DC8FCBCF}.Windows Debug|Any CPU.ActiveCfg = Debug|Any CPU
		{D5F09B6D-26F3-47AB-A54A-C685DC8FCBCF}.Windows Debug|Any CPU.Build.0 = Debug|Any CPU
		{D5F09B6D-26F3-47AB-A54A-C685DC8FCBCF}.Windows Debug|Any CPU.Deploy.0 = Debug|Any CPU
		{D5F09B6D-26F3-47AB-A54A-C685DC8FCBCF}.Windows Debug|ARM.ActiveCfg = Debug|ARM
		{D5F09B6D-26F3-47AB-A54A-C685DC8FCBCF}.Windows Debug|ARM.Build.0 = Debug|ARM
		{D5F09B6D-26F3-47AB-A54A-C685DC8FCBCF}.Windows Debug|ARM.Deploy.0 = Debug|ARM
		{D5F09B6D-26F3-47AB-A54A-C685DC8FCBCF}.Windows Debug|x64.ActiveCfg = Debug|x64
		{D5F09B6D-26F3-47AB-A54A-C685DC8FCBCF}.Windows Debug|x64.Build.0 = Debug|x64
		{D5F09B6D-26F3-47AB-A54A-C685DC8FCBCF}.Windows Debug|x64.Deploy.0 = Debug|x64
		{D5F09B6D-26F3-47AB-A54A-C685DC8FCBCF}.Windows Debug|x86.ActiveCfg = Debug|x86
		{D5F09B6D-26F3-47AB-A54A-C685DC8FCBCF}.Windows Debug|x86.Build.0 = Debug|x86
		{D5F09B6D-26F3-47AB-A54A-C685DC8FCBCF}.Windows Debug|x86.Deploy.0 = Debug|x86
		{D5F09B6D-26F3-47AB-A54A-C685DC8FCBCF}.Windows Phone Debug|Any CPU.ActiveCfg = Debug|Any CPU
		{D5F09B6D-26F3-47AB-A54A-C685DC8FCBCF}.Windows Phone Debug|Any CPU.Build.0 = Debug|Any CPU
		{D5F09B6D-26F3-47AB-A54A-C685DC8FCBCF}.Windows Phone Debug|Any CPU.Deploy.0 = Debug|Any CPU
		{D5F09B6D-26F3-47AB-A54A-C685DC8FCBCF}.Windows Phone Debug|ARM.ActiveCfg = Debug|ARM
		{D5F09B6D-26F3-47AB-A54A-C685DC8FCBCF}.Windows Phone Debug|ARM.Build.0 = Debug|ARM
		{D5F09B6D-26F3-47AB-A54A-C685DC8FCBCF}.Windows Phone Debug|ARM.Deploy.0 = Debug|ARM
		{D5F09B6D-26F3-47AB-A54A-C685DC8FCBCF}.Windows Phone Debug|x64.ActiveCfg = Debug|x64
		{D5F09B6D-26F3-47AB-A54A-C685DC8FCBCF}.Windows Phone Debug|x64.Build.0 = Debug|x64
		{D5F09B6D-26F3-47AB-A54A-C685DC8FCBCF}.Windows Phone Debug|x64.Deploy.0 = Debug|x64
		{D5F09B6D-26F3-47AB-A54A-C685DC8FCBCF}.Windows Phone Debug|x86.ActiveCfg = Debug|x86
		{D5F09B6D-26F3-47AB-A54A-C685DC8FCBCF}.Windows Phone Debug|x86.Build.0 = Debug|x86
		{D5F09B6D-26F3-47AB-A54A-C685DC8FCBCF}.Windows Phone Debug|x86.Deploy.0 = Debug|x86
		{D5F09B6D-26F3-47AB-A54A-C685DC8FCBCF}.Windows Phone Release|Any CPU.ActiveCfg = Release|Any CPU
		{D5F09B6D-26F3-47AB-A54A-C685DC8FCBCF}.Windows Phone Release|Any CPU.Build.0 = Release|Any CPU
		{D5F09B6D-26F3-47AB-A54A-C685DC8FCBCF}.Windows Phone Release|Any CPU.Deploy.0 = Release|Any CPU
		{D5F09B6D-26F3-47AB-A54A-C685DC8FCBCF}.Windows Phone Release|ARM.ActiveCfg = Release|ARM
		{D5F09B6D-26F3-47AB-A54A-C685DC8FCBCF}.Windows Phone Release|ARM.Build.0 = Release|ARM
		{D5F09B6D-26F3-47AB-A54A-C685DC8FCBCF}.Windows Phone Release|ARM.Deploy.0 = Release|ARM
		{D5F09B6D-26F3-47AB-A54A-C685DC8FCBCF}.Windows Phone Release|x64.ActiveCfg = Release|x64
		{D5F09B6D-26F3-47AB-A54A-C685DC8FCBCF}.Windows Phone Release|x64.Build.0 = Release|x64
		{D5F09B6D-26F3-47AB-A54A-C685DC8FCBCF}.Windows Phone Release|x64.Deploy.0 = Release|x64
		{D5F09B6D-26F3-47AB-A54A-C685DC8FCBCF}.Windows Phone Release|x86.ActiveCfg = Release|x86
		{D5F09B6D-26F3-47AB-A54A-C685DC8FCBCF}.Windows Phone Release|x86.Build.0 = Release|x86
		{D5F09B6D-26F3-47AB-A54A-C685DC8FCBCF}.Windows Phone Release|x86.Deploy.0 = Release|x86
		{D5F09B6D-26F3-47AB-A54A-C685DC8FCBCF}.Windows Release|Any CPU.ActiveCfg = Release|Any CPU
		{D5F09B6D-26F3-47AB-A54A-C685DC8FCBCF}.Windows Release|Any CPU.Build.0 = Release|Any CPU
		{D5F09B6D-26F3-47AB-A54A-C685DC8FCBCF}.Windows Release|Any CPU.Deploy.0 = Release|Any CPU
		{D5F09B6D-26F3-47AB-A54A-C685DC8FCBCF}.Windows Release|ARM.ActiveCfg = Release|ARM
		{D5F09B6D-26F3-47AB-A54A-C685DC8FCBCF}.Windows Release|ARM.Build.0 = Release|ARM
		{D5F09B6D-26F3-47AB-A54A-C685DC8FCBCF}.Windows Release|ARM.Deploy.0 = Release|ARM
		{D5F09B6D-26F3-47AB-A54A-C685DC8FCBCF}.Windows Release|x64.ActiveCfg = Release|x64
		{D5F09B6D-26F3-47AB-A54A-C685DC8FCBCF}.Windows Release|x64.Build.0 = Release|x64
		{D5F09B6D-26F3-47AB-A54A-C685DC8FCBCF}.Windows Release|x64.Deploy.0 = Release|x64
		{D5F09B6D-26F3-47AB-A54A-C685DC8FCBCF}.Windows Release|x86.ActiveCfg = Release|x86
		{D5F09B6D-26F3-47AB-A54A-C685DC8FCBCF}.Windows Release|x86.Build.0 = Release|x86
		{D5F09B6D-26F3-47AB-A54A-C685DC8FCBCF}.Windows Release|x86.Deploy.0 = Release|x86
		{7985C294-0294-42B1-BB43-837287F07CB2}.Debug|Any CPU.ActiveCfg = Debug|x86
		{7985C294-0294-42B1-BB43-837287F07CB2}.Debug|ARM.ActiveCfg = Debug|ARM
		{7985C294-0294-42B1-BB43-837287F07CB2}.Debug|ARM.Build.0 = Debug|ARM
		{7985C294-0294-42B1-BB43-837287F07CB2}.Debug|ARM.Deploy.0 = Debug|ARM
		{7985C294-0294-42B1-BB43-837287F07CB2}.Debug|x64.ActiveCfg = Debug|x64
		{7985C294-0294-42B1-BB43-837287F07CB2}.Debug|x64.Build.0 = Debug|x64
		{7985C294-0294-42B1-BB43-837287F07CB2}.Debug|x64.Deploy.0 = Debug|x64
		{7985C294-0294-42B1-BB43-837287F07CB2}.Debug|x86.ActiveCfg = Debug|x86
		{7985C294-0294-42B1-BB43-837287F07CB2}.Debug|x86.Build.0 = Debug|x86
		{7985C294-0294-42B1-BB43-837287F07CB2}.Debug|x86.Deploy.0 = Debug|x86
		{7985C294-0294-42B1-BB43-837287F07CB2}.Release|Any CPU.ActiveCfg = Release|x86
		{7985C294-0294-42B1-BB43-837287F07CB2}.Release|ARM.ActiveCfg = Release|ARM
		{7985C294-0294-42B1-BB43-837287F07CB2}.Release|ARM.Build.0 = Release|ARM
		{7985C294-0294-42B1-BB43-837287F07CB2}.Release|ARM.Deploy.0 = Release|ARM
		{7985C294-0294-42B1-BB43-837287F07CB2}.Release|x64.ActiveCfg = Release|x64
		{7985C294-0294-42B1-BB43-837287F07CB2}.Release|x64.Build.0 = Release|x64
		{7985C294-0294-42B1-BB43-837287F07CB2}.Release|x64.Deploy.0 = Release|x64
		{7985C294-0294-42B1-BB43-837287F07CB2}.Release|x86.ActiveCfg = Release|x86
		{7985C294-0294-42B1-BB43-837287F07CB2}.Release|x86.Build.0 = Release|x86
		{7985C294-0294-42B1-BB43-837287F07CB2}.Release|x86.Deploy.0 = Release|x86
		{7985C294-0294-42B1-BB43-837287F07CB2}.Windows Debug|Any CPU.ActiveCfg = Release|x64
		{7985C294-0294-42B1-BB43-837287F07CB2}.Windows Debug|Any CPU.Build.0 = Release|x64
		{7985C294-0294-42B1-BB43-837287F07CB2}.Windows Debug|Any CPU.Deploy.0 = Release|x64
		{7985C294-0294-42B1-BB43-837287F07CB2}.Windows Debug|ARM.ActiveCfg = Debug|ARM
		{7985C294-0294-42B1-BB43-837287F07CB2}.Windows Debug|ARM.Build.0 = Debug|ARM
		{7985C294-0294-42B1-BB43-837287F07CB2}.Windows Debug|ARM.Deploy.0 = Debug|ARM
		{7985C294-0294-42B1-BB43-837287F07CB2}.Windows Debug|x64.ActiveCfg = Debug|x64
		{7985C294-0294-42B1-BB43-837287F07CB2}.Windows Debug|x64.Build.0 = Debug|x64
		{7985C294-0294-42B1-BB43-837287F07CB2}.Windows Debug|x64.Deploy.0 = Debug|x64
		{7985C294-0294-42B1-BB43-837287F07CB2}.Windows Debug|x86.ActiveCfg = Debug|x86
		{7985C294-0294-42B1-BB43-837287F07CB2}.Windows Debug|x86.Build.0 = Debug|x86
		{7985C294-0294-42B1-BB43-837287F07CB2}.Windows Debug|x86.Deploy.0 = Debug|x86
		{7985C294-0294-42B1-BB43-837287F07CB2}.Windows Phone Debug|Any CPU.ActiveCfg = Release|x64
		{7985C294-0294-42B1-BB43-837287F07CB2}.Windows Phone Debug|Any CPU.Build.0 = Release|x64
		{7985C294-0294-42B1-BB43-837287F07CB2}.Windows Phone Debug|Any CPU.Deploy.0 = Release|x64
		{7985C294-0294-42B1-BB43-837287F07CB2}.Windows Phone Debug|ARM.ActiveCfg = Debug|ARM
		{7985C294-0294-42B1-BB43-837287F07CB2}.Windows Phone Debug|ARM.Build.0 = Debug|ARM
		{7985C294-0294-42B1-BB43-837287F07CB2}.Windows Phone Debug|ARM.Deploy.0 = Debug|ARM
		{7985C294-0294-42B1-BB43-837287F07CB2}.Windows Phone Debug|x64.ActiveCfg = Debug|x64
		{7985C294-0294-42B1-BB43-837287F07CB2}.Windows Phone Debug|x64.Build.0 = Debug|x64
		{7985C294-0294-42B1-BB43-837287F07CB2}.Windows Phone Debug|x64.Deploy.0 = Debug|x64
		{7985C294-0294-42B1-BB43-837287F07CB2}.Windows Phone Debug|x86.ActiveCfg = Debug|x86
		{7985C294-0294-42B1-BB43-837287F07CB2}.Windows Phone Debug|x86.Build.0 = Debug|x86
		{7985C294-0294-42B1-BB43-837287F07CB2}.Windows Phone Debug|x86.Deploy.0 = Debug|x86
		{7985C294-0294-42B1-BB43-837287F07CB2}.Windows Phone Release|Any CPU.ActiveCfg = Release|x64
		{7985C294-0294-42B1-BB43-837287F07CB2}.Windows Phone Release|Any CPU.Build.0 = Release|x64
		{7985C294-0294-42B1-BB43-837287F07CB2}.Windows Phone Release|Any CPU.Deploy.0 = Release|x64
		{7985C294-0294-42B1-BB43-837287F07CB2}.Windows Phone Release|ARM.ActiveCfg = Release|ARM
		{7985C294-0294-42B1-BB43-837287F07CB2}.Windows Phone Release|ARM.Build.0 = Release|ARM
		{7985C294-0294-42B1-BB43-837287F07CB2}.Windows Phone Release|ARM.Deploy.0 = Release|ARM
		{7985C294-0294-42B1-BB43-837287F07CB2}.Windows Phone Release|x64.ActiveCfg = Release|x64
		{7985C294-0294-42B1-BB43-837287F07CB2}.Windows Phone Release|x64.Build.0 = Release|x64
		{7985C294-0294-42B1-BB43-837287F07CB2}.Windows Phone Release|x64.Deploy.0 = Release|x64
		{7985C294-0294-42B1-BB43-837287F07CB2}.Windows Phone Release|x86.ActiveCfg = Release|x86
		{7985C294-0294-42B1-BB43-837287F07CB2}.Windows Phone Release|x86.Build.0 = Release|x86
		{7985C294-0294-42B1-BB43-837287F07CB2}.Windows Phone Release|x86.Deploy.0 = Release|x86
		{7985C294-0294-42B1-BB43-837287F07CB2}.Windows Release|Any CPU.ActiveCfg = Release|x64
		{7985C294-0294-42B1-BB43-837287F07CB2}.Windows Release|Any CPU.Build.0 = Release|x64
		{7985C294-0294-42B1-BB43-837287F07CB2}.Windows Release|Any CPU.Deploy.0 = Release|x64
		{7985C294-0294-42B1-BB43-837287F07CB2}.Windows Release|ARM.ActiveCfg = Release|ARM
		{7985C294-0294-42B1-BB43-837287F07CB2}.Windows Release|ARM.Build.0 = Release|ARM
		{7985C294-0294-42B1-BB43-837287F07CB2}.Windows Release|ARM.Deploy.0 = Release|ARM
		{7985C294-0294-42B1-BB43-837287F07CB2}.Windows Release|x64.ActiveCfg = Release|x64
		{7985C294-0294-42B1-BB43-837287F07CB2}.Windows Release|x64.Build.0 = Release|x64
		{7985C294-0294-42B1-BB43-837287F07CB2}.Windows Release|x64.Deploy.0 = Release|x64
		{7985C294-0294-42B1-BB43-837287F07CB2}.Windows Release|x86.ActiveCfg = Release|x86
		{7985C294-0294-42B1-BB43-837287F07CB2}.Windows Release|x86.Build.0 = Release|x86
		{7985C294-0294-42B1-BB43-837287F07CB2}.Windows Release|x86.Deploy.0 = Release|x86
	EndGlobalSection
	GlobalSection(SolutionProperties) = preSolution
		HideSolutionNode = FALSE
	EndGlobalSection
	GlobalSection(NestedProjects) = preSolution
		{6D48A778-9B03-49F4-B553-A5A9DF3E24AA} = {364BC135-ACF1-45A0-BBF8-D31F90606568}
		{85D32FA1-98FC-4922-9CCD-8E6BB3D5F315} = {364BC135-ACF1-45A0-BBF8-D31F90606568}
		{CDC74B0E-F044-4671-8CA7-D056F0C7CAF9} = {DB590A6F-23DB-4F92-8F19-8D7CB1B37B3F}
		{CDDE07C0-F828-4AFF-ABC5-07CFA6777329} = {DB590A6F-23DB-4F92-8F19-8D7CB1B37B3F}
		{C1DDC941-5F0A-4A0E-A8D4-D3E262E547FE} = {DB590A6F-23DB-4F92-8F19-8D7CB1B37B3F}
		{04A13B33-0083-47CA-A52F-5E61594F855E} = {364BC135-ACF1-45A0-BBF8-D31F90606568}
		{D5F09B6D-26F3-47AB-A54A-C685DC8FCBCF} = {DB590A6F-23DB-4F92-8F19-8D7CB1B37B3F}
		{7985C294-0294-42B1-BB43-837287F07CB2} = {DB590A6F-23DB-4F92-8F19-8D7CB1B37B3F}
	EndGlobalSection
EndGlobal
