
Microsoft Visual Studio Solution File, Format Version 12.00
# Visual Studio 14
VisualStudioVersion = 14.0.22609.0
MinimumVisualStudioVersion = 10.0.40219.1
Project("{2150E333-8FDC-42A3-9474-1A3956D46DE8}") = "Lib", "Lib", "{364BC135-ACF1-45A0-BBF8-D31F90606568}"
EndProject
Project("{2150E333-8FDC-42A3-9474-1A3956D46DE8}") = "Samples", "Samples", "{DB590A6F-23DB-4F92-8F19-8D7CB1B37B3F}"
EndProject
Project("{FAE04EC0-301F-11D3-BF4B-00C04F79EFBC}") = "AppPromo.UAP", "AppPromo.UAP\AppPromo.UAP.csproj", "{DFFFC4B4-2B07-43C3-806A-21E574010CDB}"
EndProject
Project("{FAE04EC0-301F-11D3-BF4B-00C04F79EFBC}") = "Sample.UAP", "Sample.UAP\Sample.UAP.csproj", "{CCE5AB86-B752-48EB-AB6D-24CC890C81DB}"
EndProject
Global
	GlobalSection(SolutionConfigurationPlatforms) = preSolution
		Debug|Any CPU = Debug|Any CPU
		Debug|ARM = Debug|ARM
		Debug|x64 = Debug|x64
		Debug|x86 = Debug|x86
		Release|Any CPU = Release|Any CPU
		Release|ARM = Release|ARM
		Release|x64 = Release|x64
		Release|x86 = Release|x86
		Windows Debug|Any CPU = Windows Debug|Any CPU
		Windows Debug|ARM = Windows Debug|ARM
		Windows Debug|x64 = Windows Debug|x64
		Windows Debug|x86 = Windows Debug|x86
		Windows Phone Debug|Any CPU = Windows Phone Debug|Any CPU
		Windows Phone Debug|ARM = Windows Phone Debug|ARM
		Windows Phone Debug|x64 = Windows Phone Debug|x64
		Windows Phone Debug|x86 = Windows Phone Debug|x86
		Windows Phone Release|Any CPU = Windows Phone Release|Any CPU
		Windows Phone Release|ARM = Windows Phone Release|ARM
		Windows Phone Release|x64 = Windows Phone Release|x64
		Windows Phone Release|x86 = Windows Phone Release|x86
		Windows Release|Any CPU = Windows Release|Any CPU
		Windows Release|ARM = Windows Release|ARM
		Windows Release|x64 = Windows Release|x64
		Windows Release|x86 = Windows Release|x86
	EndGlobalSection
	GlobalSection(ProjectConfigurationPlatforms) = postSolution
		{DFFFC4B4-2B07-43C3-806A-21E574010CDB}.Debug|Any CPU.ActiveCfg = Debug|Any CPU
		{DFFFC4B4-2B07-43C3-806A-21E574010CDB}.Debug|Any CPU.Build.0 = Debug|Any CPU
		{DFFFC4B4-2B07-43C3-806A-21E574010CDB}.Debug|ARM.ActiveCfg = Debug|ARM
		{DFFFC4B4-2B07-43C3-806A-21E574010CDB}.Debug|ARM.Build.0 = Debug|ARM
		{DFFFC4B4-2B07-43C3-806A-21E574010CDB}.Debug|x64.ActiveCfg = Debug|x64
		{DFFFC4B4-2B07-43C3-806A-21E574010CDB}.Debug|x64.Build.0 = Debug|x64
		{DFFFC4B4-2B07-43C3-806A-21E574010CDB}.Debug|x86.ActiveCfg = Debug|x86
		{DFFFC4B4-2B07-43C3-806A-21E574010CDB}.Debug|x86.Build.0 = Debug|x86
		{DFFFC4B4-2B07-43C3-806A-21E574010CDB}.Release|Any CPU.ActiveCfg = Release|Any CPU
		{DFFFC4B4-2B07-43C3-806A-21E574010CDB}.Release|Any CPU.Build.0 = Release|Any CPU
		{DFFFC4B4-2B07-43C3-806A-21E574010CDB}.Release|ARM.ActiveCfg = Release|ARM
		{DFFFC4B4-2B07-43C3-806A-21E574010CDB}.Release|ARM.Build.0 = Release|ARM
		{DFFFC4B4-2B07-43C3-806A-21E574010CDB}.Release|x64.ActiveCfg = Release|x64
		{DFFFC4B4-2B07-43C3-806A-21E574010CDB}.Release|x64.Build.0 = Release|x64
		{DFFFC4B4-2B07-43C3-806A-21E574010CDB}.Release|x86.ActiveCfg = Release|x86
		{DFFFC4B4-2B07-43C3-806A-21E574010CDB}.Release|x86.Build.0 = Release|x86
		{DFFFC4B4-2B07-43C3-806A-21E574010CDB}.Windows Debug|Any CPU.ActiveCfg = Debug|Any CPU
		{DFFFC4B4-2B07-43C3-806A-21E574010CDB}.Windows Debug|Any CPU.Build.0 = Debug|Any CPU
		{DFFFC4B4-2B07-43C3-806A-21E574010CDB}.Windows Debug|ARM.ActiveCfg = Debug|ARM
		{DFFFC4B4-2B07-43C3-806A-21E574010CDB}.Windows Debug|ARM.Build.0 = Debug|ARM
		{DFFFC4B4-2B07-43C3-806A-21E574010CDB}.Windows Debug|x64.ActiveCfg = Debug|x64
		{DFFFC4B4-2B07-43C3-806A-21E574010CDB}.Windows Debug|x64.Build.0 = Debug|x64
		{DFFFC4B4-2B07-43C3-806A-21E574010CDB}.Windows Debug|x86.ActiveCfg = Debug|x86
		{DFFFC4B4-2B07-43C3-806A-21E574010CDB}.Windows Debug|x86.Build.0 = Debug|x86
		{DFFFC4B4-2B07-43C3-806A-21E574010CDB}.Windows Phone Debug|Any CPU.ActiveCfg = Debug|Any CPU
		{DFFFC4B4-2B07-43C3-806A-21E574010CDB}.Windows Phone Debug|Any CPU.Build.0 = Debug|Any CPU
		{DFFFC4B4-2B07-43C3-806A-21E574010CDB}.Windows Phone Debug|ARM.ActiveCfg = Debug|ARM
		{DFFFC4B4-2B07-43C3-806A-21E574010CDB}.Windows Phone Debug|ARM.Build.0 = Debug|ARM
		{DFFFC4B4-2B07-43C3-806A-21E574010CDB}.Windows Phone Debug|x64.ActiveCfg = Debug|x64
		{DFFFC4B4-2B07-43C3-806A-21E574010CDB}.Windows Phone Debug|x64.Build.0 = Debug|x64
		{DFFFC4B4-2B07-43C3-806A-21E574010CDB}.Windows Phone Debug|x86.ActiveCfg = Debug|x86
		{DFFFC4B4-2B07-43C3-806A-21E574010CDB}.Windows Phone Debug|x86.Build.0 = Debug|x86
		{DFFFC4B4-2B07-43C3-806A-21E574010CDB}.Windows Phone Release|Any CPU.ActiveCfg = Release|Any CPU
		{DFFFC4B4-2B07-43C3-806A-21E574010CDB}.Windows Phone Release|Any CPU.Build.0 = Release|Any CPU
		{DFFFC4B4-2B07-43C3-806A-21E574010CDB}.Windows Phone Release|ARM.ActiveCfg = Release|ARM
		{DFFFC4B4-2B07-43C3-806A-21E574010CDB}.Windows Phone Release|ARM.Build.0 = Release|ARM
		{DFFFC4B4-2B07-43C3-806A-21E574010CDB}.Windows Phone Release|x64.ActiveCfg = Release|x64
		{DFFFC4B4-2B07-43C3-806A-21E574010CDB}.Windows Phone Release|x64.Build.0 = Release|x64
		{DFFFC4B4-2B07-43C3-806A-21E574010CDB}.Windows Phone Release|x86.ActiveCfg = Release|x86
		{DFFFC4B4-2B07-43C3-806A-21E574010CDB}.Windows Phone Release|x86.Build.0 = Release|x86
		{DFFFC4B4-2B07-43C3-806A-21E574010CDB}.Windows Release|Any CPU.ActiveCfg = Release|Any CPU
		{DFFFC4B4-2B07-43C3-806A-21E574010CDB}.Windows Release|Any CPU.Build.0 = Release|Any CPU
		{DFFFC4B4-2B07-43C3-806A-21E574010CDB}.Windows Release|ARM.ActiveCfg = Release|ARM
		{DFFFC4B4-2B07-43C3-806A-21E574010CDB}.Windows Release|ARM.Build.0 = Release|ARM
		{DFFFC4B4-2B07-43C3-806A-21E574010CDB}.Windows Release|x64.ActiveCfg = Release|x64
		{DFFFC4B4-2B07-43C3-806A-21E574010CDB}.Windows Release|x64.Build.0 = Release|x64
		{DFFFC4B4-2B07-43C3-806A-21E574010CDB}.Windows Release|x86.ActiveCfg = Release|x86
		{DFFFC4B4-2B07-43C3-806A-21E574010CDB}.Windows Release|x86.Build.0 = Release|x86
		{CCE5AB86-B752-48EB-AB6D-24CC890C81DB}.Debug|Any CPU.ActiveCfg = Debug|Any CPU
		{CCE5AB86-B752-48EB-AB6D-24CC890C81DB}.Debug|Any CPU.Build.0 = Debug|Any CPU
		{CCE5AB86-B752-48EB-AB6D-24CC890C81DB}.Debug|Any CPU.Deploy.0 = Debug|Any CPU
		{CCE5AB86-B752-48EB-AB6D-24CC890C81DB}.Debug|ARM.ActiveCfg = Debug|ARM
		{CCE5AB86-B752-48EB-AB6D-24CC890C81DB}.Debug|ARM.Build.0 = Debug|ARM
		{CCE5AB86-B752-48EB-AB6D-24CC890C81DB}.Debug|ARM.Deploy.0 = Debug|ARM
		{CCE5AB86-B752-48EB-AB6D-24CC890C81DB}.Debug|x64.ActiveCfg = Debug|x64
		{CCE5AB86-B752-48EB-AB6D-24CC890C81DB}.Debug|x64.Build.0 = Debug|x64
		{CCE5AB86-B752-48EB-AB6D-24CC890C81DB}.Debug|x64.Deploy.0 = Debug|x64
		{CCE5AB86-B752-48EB-AB6D-24CC890C81DB}.Debug|x86.ActiveCfg = Debug|x86
		{CCE5AB86-B752-48EB-AB6D-24CC890C81DB}.Debug|x86.Build.0 = Debug|x86
		{CCE5AB86-B752-48EB-AB6D-24CC890C81DB}.Debug|x86.Deploy.0 = Debug|x86
		{CCE5AB86-B752-48EB-AB6D-24CC890C81DB}.Release|Any CPU.ActiveCfg = Release|Any CPU
		{CCE5AB86-B752-48EB-AB6D-24CC890C81DB}.Release|Any CPU.Build.0 = Release|Any CPU
		{CCE5AB86-B752-48EB-AB6D-24CC890C81DB}.Release|Any CPU.Deploy.0 = Release|Any CPU
		{CCE5AB86-B752-48EB-AB6D-24CC890C81DB}.Release|ARM.ActiveCfg = Release|ARM
		{CCE5AB86-B752-48EB-AB6D-24CC890C81DB}.Release|ARM.Build.0 = Release|ARM
		{CCE5AB86-B752-48EB-AB6D-24CC890C81DB}.Release|ARM.Deploy.0 = Release|ARM
		{CCE5AB86-B752-48EB-AB6D-24CC890C81DB}.Release|x64.ActiveCfg = Release|x64
		{CCE5AB86-B752-48EB-AB6D-24CC890C81DB}.Release|x64.Build.0 = Release|x64
		{CCE5AB86-B752-48EB-AB6D-24CC890C81DB}.Release|x64.Deploy.0 = Release|x64
		{CCE5AB86-B752-48EB-AB6D-24CC890C81DB}.Release|x86.ActiveCfg = Release|x86
		{CCE5AB86-B752-48EB-AB6D-24CC890C81DB}.Release|x86.Build.0 = Release|x86
		{CCE5AB86-B752-48EB-AB6D-24CC890C81DB}.Release|x86.Deploy.0 = Release|x86
		{CCE5AB86-B752-48EB-AB6D-24CC890C81DB}.Windows Debug|Any CPU.ActiveCfg = Debug|Any CPU
		{CCE5AB86-B752-48EB-AB6D-24CC890C81DB}.Windows Debug|Any CPU.Build.0 = Debug|Any CPU
		{CCE5AB86-B752-48EB-AB6D-24CC890C81DB}.Windows Debug|Any CPU.Deploy.0 = Debug|Any CPU
		{CCE5AB86-B752-48EB-AB6D-24CC890C81DB}.Windows Debug|ARM.ActiveCfg = Debug|ARM
		{CCE5AB86-B752-48EB-AB6D-24CC890C81DB}.Windows Debug|ARM.Build.0 = Debug|ARM
		{CCE5AB86-B752-48EB-AB6D-24CC890C81DB}.Windows Debug|ARM.Deploy.0 = Debug|ARM
		{CCE5AB86-B752-48EB-AB6D-24CC890C81DB}.Windows Debug|x64.ActiveCfg = Debug|x64
		{CCE5AB86-B752-48EB-AB6D-24CC890C81DB}.Windows Debug|x64.Build.0 = Debug|x64
		{CCE5AB86-B752-48EB-AB6D-24CC890C81DB}.Windows Debug|x64.Deploy.0 = Debug|x64
		{CCE5AB86-B752-48EB-AB6D-24CC890C81DB}.Windows Debug|x86.ActiveCfg = Debug|x86
		{CCE5AB86-B752-48EB-AB6D-24CC890C81DB}.Windows Debug|x86.Build.0 = Debug|x86
		{CCE5AB86-B752-48EB-AB6D-24CC890C81DB}.Windows Debug|x86.Deploy.0 = Debug|x86
		{CCE5AB86-B752-48EB-AB6D-24CC890C81DB}.Windows Phone Debug|Any CPU.ActiveCfg = Debug|Any CPU
		{CCE5AB86-B752-48EB-AB6D-24CC890C81DB}.Windows Phone Debug|Any CPU.Build.0 = Debug|Any CPU
		{CCE5AB86-B752-48EB-AB6D-24CC890C81DB}.Windows Phone Debug|Any CPU.Deploy.0 = Debug|Any CPU
		{CCE5AB86-B752-48EB-AB6D-24CC890C81DB}.Windows Phone Debug|ARM.ActiveCfg = Debug|ARM
		{CCE5AB86-B752-48EB-AB6D-24CC890C81DB}.Windows Phone Debug|ARM.Build.0 = Debug|ARM
		{CCE5AB86-B752-48EB-AB6D-24CC890C81DB}.Windows Phone Debug|ARM.Deploy.0 = Debug|ARM
		{CCE5AB86-B752-48EB-AB6D-24CC890C81DB}.Windows Phone Debug|x64.ActiveCfg = Debug|x64
		{CCE5AB86-B752-48EB-AB6D-24CC890C81DB}.Windows Phone Debug|x64.Build.0 = Debug|x64
		{CCE5AB86-B752-48EB-AB6D-24CC890C81DB}.Windows Phone Debug|x64.Deploy.0 = Debug|x64
		{CCE5AB86-B752-48EB-AB6D-24CC890C81DB}.Windows Phone Debug|x86.ActiveCfg = Debug|x86
		{CCE5AB86-B752-48EB-AB6D-24CC890C81DB}.Windows Phone Debug|x86.Build.0 = Debug|x86
		{CCE5AB86-B752-48EB-AB6D-24CC890C81DB}.Windows Phone Debug|x86.Deploy.0 = Debug|x86
		{CCE5AB86-B752-48EB-AB6D-24CC890C81DB}.Windows Phone Release|Any CPU.ActiveCfg = Release|Any CPU
		{CCE5AB86-B752-48EB-AB6D-24CC890C81DB}.Windows Phone Release|Any CPU.Build.0 = Release|Any CPU
		{CCE5AB86-B752-48EB-AB6D-24CC890C81DB}.Windows Phone Release|Any CPU.Deploy.0 = Release|Any CPU
		{CCE5AB86-B752-48EB-AB6D-24CC890C81DB}.Windows Phone Release|ARM.ActiveCfg = Release|ARM
		{CCE5AB86-B752-48EB-AB6D-24CC890C81DB}.Windows Phone Release|ARM.Build.0 = Release|ARM
		{CCE5AB86-B752-48EB-AB6D-24CC890C81DB}.Windows Phone Release|ARM.Deploy.0 = Release|ARM
		{CCE5AB86-B752-48EB-AB6D-24CC890C81DB}.Windows Phone Release|x64.ActiveCfg = Release|x64
		{CCE5AB86-B752-48EB-AB6D-24CC890C81DB}.Windows Phone Release|x64.Build.0 = Release|x64
		{CCE5AB86-B752-48EB-AB6D-24CC890C81DB}.Windows Phone Release|x64.Deploy.0 = Release|x64
		{CCE5AB86-B752-48EB-AB6D-24CC890C81DB}.Windows Phone Release|x86.ActiveCfg = Release|x86
		{CCE5AB86-B752-48EB-AB6D-24CC890C81DB}.Windows Phone Release|x86.Build.0 = Release|x86
		{CCE5AB86-B752-48EB-AB6D-24CC890C81DB}.Windows Phone Release|x86.Deploy.0 = Release|x86
		{CCE5AB86-B752-48EB-AB6D-24CC890C81DB}.Windows Release|Any CPU.ActiveCfg = Release|Any CPU
		{CCE5AB86-B752-48EB-AB6D-24CC890C81DB}.Windows Release|Any CPU.Build.0 = Release|Any CPU
		{CCE5AB86-B752-48EB-AB6D-24CC890C81DB}.Windows Release|Any CPU.Deploy.0 = Release|Any CPU
		{CCE5AB86-B752-48EB-AB6D-24CC890C81DB}.Windows Release|ARM.ActiveCfg = Release|ARM
		{CCE5AB86-B752-48EB-AB6D-24CC890C81DB}.Windows Release|ARM.Build.0 = Release|ARM
		{CCE5AB86-B752-48EB-AB6D-24CC890C81DB}.Windows Release|ARM.Deploy.0 = Release|ARM
		{CCE5AB86-B752-48EB-AB6D-24CC890C81DB}.Windows Release|x64.ActiveCfg = Release|x64
		{CCE5AB86-B752-48EB-AB6D-24CC890C81DB}.Windows Release|x64.Build.0 = Release|x64
		{CCE5AB86-B752-48EB-AB6D-24CC890C81DB}.Windows Release|x64.Deploy.0 = Release|x64
		{CCE5AB86-B752-48EB-AB6D-24CC890C81DB}.Windows Release|x86.ActiveCfg = Release|x86
		{CCE5AB86-B752-48EB-AB6D-24CC890C81DB}.Windows Release|x86.Build.0 = Release|x86
		{CCE5AB86-B752-48EB-AB6D-24CC890C81DB}.Windows Release|x86.Deploy.0 = Release|x86
	EndGlobalSection
	GlobalSection(SolutionProperties) = preSolution
		HideSolutionNode = FALSE
	EndGlobalSection
	GlobalSection(NestedProjects) = preSolution
		{DFFFC4B4-2B07-43C3-806A-21E574010CDB} = {364BC135-ACF1-45A0-BBF8-D31F90606568}
		{CCE5AB86-B752-48EB-AB6D-24CC890C81DB} = {DB590A6F-23DB-4F92-8F19-8D7CB1B37B3F}
	EndGlobalSection
EndGlobal
